
Microsoft Visual Studio Solution File, Format Version 12.00
# Visual Studio 15
VisualStudioVersion = 15.0.28307.329
MinimumVisualStudioVersion = 10.0.40219.1
Project("{8BC9CEB8-8B4A-11D0-8D11-00A0C91BC942}") = "virtual_machine", "virtual_machine\virtual_machine.vcxproj", "{199C6A91-5B0A-42E4-883C-CA63CE0FB629}"
EndProject
Project("{8BC9CEB8-8B4A-11D0-8D11-00A0C91BC942}") = "test_vm", "test_vm\test_vm.vcxproj", "{24B45F15-62F8-48F4-B91C-20487E688BF4}"
	ProjectSection(ProjectDependencies) = postProject
		{DD6E9F25-DA96-4510-BA34-E219469A89F2} = {DD6E9F25-DA96-4510-BA34-E219469A89F2}
		{199C6A91-5B0A-42E4-883C-CA63CE0FB629} = {199C6A91-5B0A-42E4-883C-CA63CE0FB629}
		{7936A3C9-193D-4A3B-AD17-A0119729F8F0} = {7936A3C9-193D-4A3B-AD17-A0119729F8F0}
	EndProjectSection
EndProject
Project("{8BC9CEB8-8B4A-11D0-8D11-00A0C91BC942}") = "utils", "utils\utils.vcxproj", "{7936A3C9-193D-4A3B-AD17-A0119729F8F0}"
EndProject
Project("{8BC9CEB8-8B4A-11D0-8D11-00A0C91BC942}") = "libassembler", "assembler\assembler.vcxproj", "{DD6E9F25-DA96-4510-BA34-E219469A89F2}"
	ProjectSection(ProjectDependencies) = postProject
		{199C6A91-5B0A-42E4-883C-CA63CE0FB629} = {199C6A91-5B0A-42E4-883C-CA63CE0FB629}
		{7936A3C9-193D-4A3B-AD17-A0119729F8F0} = {7936A3C9-193D-4A3B-AD17-A0119729F8F0}
	EndProjectSection
EndProject
Project("{8BC9CEB8-8B4A-11D0-8D11-00A0C91BC942}") = "assembler2", "assembler2\assembler2.vcxproj", "{F079AD6A-3651-474D-ACB4-B2612A3B7E1C}"
	ProjectSection(ProjectDependencies) = postProject
		{7936A3C9-193D-4A3B-AD17-A0119729F8F0} = {7936A3C9-193D-4A3B-AD17-A0119729F8F0}
	EndProjectSection
EndProject
Global
	GlobalSection(SolutionConfigurationPlatforms) = preSolution
		Debug|x64 = Debug|x64
		Debug|x86 = Debug|x86
		MinSizeRel|x64 = MinSizeRel|x64
		MinSizeRel|x86 = MinSizeRel|x86
		Release|x64 = Release|x64
		Release|x86 = Release|x86
		RelWithDebInfo|x64 = RelWithDebInfo|x64
		RelWithDebInfo|x86 = RelWithDebInfo|x86
	EndGlobalSection
	GlobalSection(ProjectConfigurationPlatforms) = postSolution
		{199C6A91-5B0A-42E4-883C-CA63CE0FB629}.Debug|x64.ActiveCfg = Debug|x64
		{199C6A91-5B0A-42E4-883C-CA63CE0FB629}.Debug|x64.Build.0 = Debug|x64
		{199C6A91-5B0A-42E4-883C-CA63CE0FB629}.Debug|x86.ActiveCfg = Debug|Win32
		{199C6A91-5B0A-42E4-883C-CA63CE0FB629}.Debug|x86.Build.0 = Debug|Win32
		{199C6A91-5B0A-42E4-883C-CA63CE0FB629}.MinSizeRel|x64.ActiveCfg = Release|x64
		{199C6A91-5B0A-42E4-883C-CA63CE0FB629}.MinSizeRel|x64.Build.0 = Release|x64
		{199C6A91-5B0A-42E4-883C-CA63CE0FB629}.MinSizeRel|x86.ActiveCfg = Release|Win32
		{199C6A91-5B0A-42E4-883C-CA63CE0FB629}.MinSizeRel|x86.Build.0 = Release|Win32
		{199C6A91-5B0A-42E4-883C-CA63CE0FB629}.Release|x64.ActiveCfg = Release|x64
		{199C6A91-5B0A-42E4-883C-CA63CE0FB629}.Release|x64.Build.0 = Release|x64
		{199C6A91-5B0A-42E4-883C-CA63CE0FB629}.Release|x86.ActiveCfg = Release|Win32
		{199C6A91-5B0A-42E4-883C-CA63CE0FB629}.Release|x86.Build.0 = Release|Win32
		{199C6A91-5B0A-42E4-883C-CA63CE0FB629}.RelWithDebInfo|x64.ActiveCfg = Release|x64
		{199C6A91-5B0A-42E4-883C-CA63CE0FB629}.RelWithDebInfo|x64.Build.0 = Release|x64
		{199C6A91-5B0A-42E4-883C-CA63CE0FB629}.RelWithDebInfo|x86.ActiveCfg = Release|Win32
		{199C6A91-5B0A-42E4-883C-CA63CE0FB629}.RelWithDebInfo|x86.Build.0 = Release|Win32
		{24B45F15-62F8-48F4-B91C-20487E688BF4}.Debug|x64.ActiveCfg = Debug|x64
		{24B45F15-62F8-48F4-B91C-20487E688BF4}.Debug|x64.Build.0 = Debug|x64
		{24B45F15-62F8-48F4-B91C-20487E688BF4}.Debug|x86.ActiveCfg = Debug|Win32
		{24B45F15-62F8-48F4-B91C-20487E688BF4}.Debug|x86.Build.0 = Debug|Win32
		{24B45F15-62F8-48F4-B91C-20487E688BF4}.MinSizeRel|x64.ActiveCfg = Release|x64
		{24B45F15-62F8-48F4-B91C-20487E688BF4}.MinSizeRel|x64.Build.0 = Release|x64
		{24B45F15-62F8-48F4-B91C-20487E688BF4}.MinSizeRel|x86.ActiveCfg = Release|Win32
		{24B45F15-62F8-48F4-B91C-20487E688BF4}.MinSizeRel|x86.Build.0 = Release|Win32
		{24B45F15-62F8-48F4-B91C-20487E688BF4}.Release|x64.ActiveCfg = Release|x64
		{24B45F15-62F8-48F4-B91C-20487E688BF4}.Release|x64.Build.0 = Release|x64
		{24B45F15-62F8-48F4-B91C-20487E688BF4}.Release|x86.ActiveCfg = Release|Win32
		{24B45F15-62F8-48F4-B91C-20487E688BF4}.Release|x86.Build.0 = Release|Win32
		{24B45F15-62F8-48F4-B91C-20487E688BF4}.RelWithDebInfo|x64.ActiveCfg = Release|x64
		{24B45F15-62F8-48F4-B91C-20487E688BF4}.RelWithDebInfo|x64.Build.0 = Release|x64
		{24B45F15-62F8-48F4-B91C-20487E688BF4}.RelWithDebInfo|x86.ActiveCfg = Release|Win32
		{24B45F15-62F8-48F4-B91C-20487E688BF4}.RelWithDebInfo|x86.Build.0 = Release|Win32
		{7936A3C9-193D-4A3B-AD17-A0119729F8F0}.Debug|x64.ActiveCfg = Debug|x64
		{7936A3C9-193D-4A3B-AD17-A0119729F8F0}.Debug|x64.Build.0 = Debug|x64
		{7936A3C9-193D-4A3B-AD17-A0119729F8F0}.Debug|x86.ActiveCfg = Debug|Win32
		{7936A3C9-193D-4A3B-AD17-A0119729F8F0}.Debug|x86.Build.0 = Debug|Win32
		{7936A3C9-193D-4A3B-AD17-A0119729F8F0}.MinSizeRel|x64.ActiveCfg = Release|x64
		{7936A3C9-193D-4A3B-AD17-A0119729F8F0}.MinSizeRel|x64.Build.0 = Release|x64
		{7936A3C9-193D-4A3B-AD17-A0119729F8F0}.MinSizeRel|x86.ActiveCfg = Release|Win32
		{7936A3C9-193D-4A3B-AD17-A0119729F8F0}.MinSizeRel|x86.Build.0 = Release|Win32
		{7936A3C9-193D-4A3B-AD17-A0119729F8F0}.Release|x64.ActiveCfg = Release|x64
		{7936A3C9-193D-4A3B-AD17-A0119729F8F0}.Release|x64.Build.0 = Release|x64
		{7936A3C9-193D-4A3B-AD17-A0119729F8F0}.Release|x86.ActiveCfg = Release|Win32
		{7936A3C9-193D-4A3B-AD17-A0119729F8F0}.Release|x86.Build.0 = Release|Win32
		{7936A3C9-193D-4A3B-AD17-A0119729F8F0}.RelWithDebInfo|x64.ActiveCfg = Release|x64
		{7936A3C9-193D-4A3B-AD17-A0119729F8F0}.RelWithDebInfo|x64.Build.0 = Release|x64
		{7936A3C9-193D-4A3B-AD17-A0119729F8F0}.RelWithDebInfo|x86.ActiveCfg = Release|Win32
		{7936A3C9-193D-4A3B-AD17-A0119729F8F0}.RelWithDebInfo|x86.Build.0 = Release|Win32
		{DD6E9F25-DA96-4510-BA34-E219469A89F2}.Debug|x64.ActiveCfg = Debug|x64
		{DD6E9F25-DA96-4510-BA34-E219469A89F2}.Debug|x64.Build.0 = Debug|x64
		{DD6E9F25-DA96-4510-BA34-E219469A89F2}.Debug|x86.ActiveCfg = Debug|Win32
		{DD6E9F25-DA96-4510-BA34-E219469A89F2}.Debug|x86.Build.0 = Debug|Win32
		{DD6E9F25-DA96-4510-BA34-E219469A89F2}.MinSizeRel|x64.ActiveCfg = Release|x64
		{DD6E9F25-DA96-4510-BA34-E219469A89F2}.MinSizeRel|x64.Build.0 = Release|x64
		{DD6E9F25-DA96-4510-BA34-E219469A89F2}.MinSizeRel|x86.ActiveCfg = Release|Win32
		{DD6E9F25-DA96-4510-BA34-E219469A89F2}.MinSizeRel|x86.Build.0 = Release|Win32
		{DD6E9F25-DA96-4510-BA34-E219469A89F2}.Release|x64.ActiveCfg = Release|x64
		{DD6E9F25-DA96-4510-BA34-E219469A89F2}.Release|x64.Build.0 = Release|x64
		{DD6E9F25-DA96-4510-BA34-E219469A89F2}.Release|x86.ActiveCfg = Release|Win32
		{DD6E9F25-DA96-4510-BA34-E219469A89F2}.Release|x86.Build.0 = Release|Win32
		{DD6E9F25-DA96-4510-BA34-E219469A89F2}.RelWithDebInfo|x64.ActiveCfg = Release|x64
		{DD6E9F25-DA96-4510-BA34-E219469A89F2}.RelWithDebInfo|x64.Build.0 = Release|x64
		{DD6E9F25-DA96-4510-BA34-E219469A89F2}.RelWithDebInfo|x86.ActiveCfg = Release|Win32
		{DD6E9F25-DA96-4510-BA34-E219469A89F2}.RelWithDebInfo|x86.Build.0 = Release|Win32
		{F079AD6A-3651-474D-ACB4-B2612A3B7E1C}.Debug|x64.ActiveCfg = Debug|x64
		{F079AD6A-3651-474D-ACB4-B2612A3B7E1C}.Debug|x64.Build.0 = Debug|x64
		{F079AD6A-3651-474D-ACB4-B2612A3B7E1C}.Debug|x86.ActiveCfg = Debug|Win32
		{F079AD6A-3651-474D-ACB4-B2612A3B7E1C}.Debug|x86.Build.0 = Debug|Win32
		{F079AD6A-3651-474D-ACB4-B2612A3B7E1C}.MinSizeRel|x64.ActiveCfg = Release|x64
		{F079AD6A-3651-474D-ACB4-B2612A3B7E1C}.MinSizeRel|x64.Build.0 = Release|x64
		{F079AD6A-3651-474D-ACB4-B2612A3B7E1C}.MinSizeRel|x86.ActiveCfg = Release|Win32
		{F079AD6A-3651-474D-ACB4-B2612A3B7E1C}.MinSizeRel|x86.Build.0 = Release|Win32
		{F079AD6A-3651-474D-ACB4-B2612A3B7E1C}.Release|x64.ActiveCfg = Release|x64
		{F079AD6A-3651-474D-ACB4-B2612A3B7E1C}.Release|x64.Build.0 = Release|x64
		{F079AD6A-3651-474D-ACB4-B2612A3B7E1C}.Release|x86.ActiveCfg = Release|Win32
		{F079AD6A-3651-474D-ACB4-B2612A3B7E1C}.Release|x86.Build.0 = Release|Win32
		{F079AD6A-3651-474D-ACB4-B2612A3B7E1C}.RelWithDebInfo|x64.ActiveCfg = Release|x64
		{F079AD6A-3651-474D-ACB4-B2612A3B7E1C}.RelWithDebInfo|x64.Build.0 = Release|x64
		{F079AD6A-3651-474D-ACB4-B2612A3B7E1C}.RelWithDebInfo|x86.ActiveCfg = Release|Win32
		{F079AD6A-3651-474D-ACB4-B2612A3B7E1C}.RelWithDebInfo|x86.Build.0 = Release|Win32
	EndGlobalSection
	GlobalSection(SolutionProperties) = preSolution
		HideSolutionNode = FALSE
	EndGlobalSection
	GlobalSection(ExtensibilityGlobals) = postSolution
		SolutionGuid = {25E3F310-7C12-4D2A-BAFC-B240CF94B3A7}
	EndGlobalSection
EndGlobal
