<?xml version="1.0" encoding="utf-8"?>
<Project ToolsVersion="4.0" xmlns="http://schemas.microsoft.com/developer/msbuild/2003">
  <ItemGroup>
    <Filter Include="Исходные файлы">
      <UniqueIdentifier>{4FC737F1-C7A5-4376-A066-2A32D752A2FF}</UniqueIdentifier>
      <Extensions>cpp;c;cc;cxx;def;odl;idl;hpj;bat;asm;asmx</Extensions>
    </Filter>
    <Filter Include="Файлы заголовков">
      <UniqueIdentifier>{93995380-89BD-4b04-88EB-625FBE52EBFB}</UniqueIdentifier>
      <Extensions>h;hh;hpp;hxx;hm;inl;inc;ipp;xsd</Extensions>
    </Filter>
    <Filter Include="Файлы ресурсов">
      <UniqueIdentifier>{67DA6AB6-F800-4c08-8B7A-83BB121AAD01}</UniqueIdentifier>
      <Extensions>rc;ico;cur;bmp;dlg;rc2;rct;bin;rgs;gif;jpg;jpeg;jpe;resx;tiff;tif;png;wav;mfcribbon-ms</Extensions>
    </Filter>
  </ItemGroup>
  <ItemGroup>
    <ClCompile Include="asm.c">
      <Filter>Исходные файлы</Filter>
    </ClCompile>
    <ClCompile Include="..\virtual_machine\table.c">
      <Filter>Исходные файлы</Filter>
    </ClCompile>
    <ClCompile Include="..\virtual_machine\commands.c">
      <Filter>Исходные файлы</Filter>
    </ClCompile>
    <ClCompile Include="lexer.c">
      <Filter>Исходные файлы</Filter>
    </ClCompile>
    <ClCompile Include="fileutils.c">
      <Filter>Исходные файлы</Filter>
    </ClCompile>
    <ClCompile Include="exp.c">
      <Filter>Исходные файлы</Filter>
    </ClCompile>
    <ClCompile Include="preprocessor.c">
      <Filter>Исходные файлы</Filter>
    </ClCompile>
  </ItemGroup>
  <ItemGroup>
    <ClInclude Include="asm.h">
      <Filter>Файлы заголовков</Filter>
    </ClInclude>
    <ClInclude Include="..\virtual_machine\table.h">
      <Filter>Файлы заголовков</Filter>
    </ClInclude>
    <ClInclude Include="lexer.h">
      <Filter>Файлы заголовков</Filter>
    </ClInclude>
    <ClInclude Include="common.h">
      <Filter>Файлы заголовков</Filter>
    </ClInclude>
    <ClInclude Include="debug.h">
      <Filter>Файлы заголовков</Filter>
    </ClInclude>
    <ClInclude Include="error.h">
      <Filter>Файлы заголовков</Filter>
    </ClInclude>
    <ClInclude Include="fileutils.h">
      <Filter>Файлы заголовков</Filter>
    </ClInclude>
    <ClInclude Include="config.h">
      <Filter>Файлы заголовков</Filter>
    </ClInclude>
    <ClInclude Include="getopt.h">
      <Filter>Файлы заголовков</Filter>
    </ClInclude>
    <ClInclude Include="exp.h">
      <Filter>Файлы заголовков</Filter>
    </ClInclude>
    <ClInclude Include="preprocessor.h">
      <Filter>Файлы заголовков</Filter>
    </ClInclude>
    <ClInclude Include="..\assembler2\getopt.h">
      <Filter>Файлы заголовков</Filter>
    </ClInclude>
  </ItemGroup>
</Project>